
Microsoft Visual Studio Solution File, Format Version 12.00
# Visual Studio Version 17
VisualStudioVersion = 17.14.37111.16 d17.14
MinimumVisualStudioVersion = 10.0.40219.1
Project("{FAE04EC0-301F-11D3-BF4B-00C04F79EFBC}") = "QuanLyCuaHangBanQuaTet", "QuanLyCuaHangBanQuaTet\QuanLyCuaHangBanQuaTet.csproj", "{4D282451-64BD-4F55-8201-26241982129A}"
EndProject
Global
	GlobalSection(SolutionConfigurationPlatforms) = preSolution
		Debug|Any CPU = Debug|Any CPU
		Release|Any CPU = Release|Any CPU
	EndGlobalSection
	GlobalSection(ProjectConfigurationPlatforms) = postSolution
		{4D282451-64BD-4F55-8201-26241982129A}.Debug|Any CPU.ActiveCfg = Debug|Any CPU
		{4D282451-64BD-4F55-8201-26241982129A}.Debug|Any CPU.Build.0 = Debug|Any CPU
		{4D282451-64BD-4F55-8201-26241982129A}.Release|Any CPU.ActiveCfg = Release|Any CPU
		{4D282451-64BD-4F55-8201-26241982129A}.Release|Any CPU.Build.0 = Release|Any CPU
	EndGlobalSection
	GlobalSection(SolutionProperties) = preSolution
		HideSolutionNode = FALSE
	EndGlobalSection
	GlobalSection(ExtensibilityGlobals) = postSolution
		SolutionGuid = {5F92E1DE-6FEE-4F2D-832A-F174A4F6F640}
	EndGlobalSection
EndGlobal
